schema: '2.0'
stages:
  load_data:
    cmd: python src/stage_01_load_and_save.py --config=params.yaml
    deps:
    - path: src/stage_01_load_and_save.py
      md5: ce95bfbaff143123f89fbb2efeb6ac4e
      size: 974
    params:
      params.yaml:
        artifacts.raw_local_data: artifacts/raw_local_data_dir/data.csv
        data_source.drive_source: /home/dixittrivedi/Downloads/winequality-red.csv
    outs:
    - path: artifacts/raw_local_data_dir/data.csv
      md5: f9c1166893d2d57fd0b3b7cb7ad69d70
      size: 104151
  split_data:
    cmd: python src/stage_02_split_data.py --config=params.yaml
    deps:
    - path: artifacts/raw_local_data_dir/data.csv
      md5: f9c1166893d2d57fd0b3b7cb7ad69d70
      size: 104151
    - path: src/stage_02_split_data.py
      md5: f7d9f429bff29f5ce32b4e6eeb9f0b4e
      size: 1271
    params:
      params.yaml:
        artifacts.raw_local_data: artifacts/raw_local_data_dir/data.csv
        artifacts.split_data.processed_data_dir: artifacts/processed_data
        artifacts.split_data.test_path: artifacts/processed_data/test.csv
        artifacts.split_data.train_path: artifacts/processed_data/train.csv
        base.random_state: 42
        base.test_size: 0.2
    outs:
    - path: artifacts/processed_data/test.csv
      md5: c7ecb05158db7b60ed3915a2fba4e96d
      size: 21058
    - path: artifacts/processed_data/train.csv
      md5: d361c3ffce3471d9e4f281fda8a6c455
      size: 83241
